// !$*UTF8*$!
{
	archiveVersion = 1;
	classes = {
	};
	objectVersion = 56;
	objects = {

/* Begin PBXBuildFile section */
		A83825A72A2F74DE00598DEF /* LaunchView.swift in Sources */ = {isa = PBXBuildFile; fileRef = A83825A62A2F74DE00598DEF /* LaunchView.swift */; };
		A83825A92A2F759A00598DEF /* RunPresetListViewItem.swift in Sources */ = {isa = PBXBuildFile; fileRef = A83825A82A2F759A00598DEF /* RunPresetListViewItem.swift */; };
		A83825AB2A2F7B0600598DEF /* RunPreset.swift in Sources */ = {isa = PBXBuildFile; fileRef = A83825AA2A2F7B0600598DEF /* RunPreset.swift */; };
		A83825AD2A2FAD4D00598DEF /* DefaultPresetCollection.swift in Sources */ = {isa = PBXBuildFile; fileRef = A83825AC2A2FAD4D00598DEF /* DefaultPresetCollection.swift */; };
		A83825B32A30144D00598DEF /* Cooldown.wav in Resources */ = {isa = PBXBuildFile; fileRef = A83825AF2A30144D00598DEF /* Cooldown.wav */; };
		A83825B42A30144D00598DEF /* BeginRun.wav in Resources */ = {isa = PBXBuildFile; fileRef = A83825B02A30144D00598DEF /* BeginRun.wav */; };
		A83825B52A30144D00598DEF /* OneMinute.wav in Resources */ = {isa = PBXBuildFile; fileRef = A83825B12A30144D00598DEF /* OneMinute.wav */; };
		A83825B62A30144D00598DEF /* WarmUp.wav in Resources */ = {isa = PBXBuildFile; fileRef = A83825B22A30144D00598DEF /* WarmUp.wav */; };
		A83825B92A3018BA00598DEF /* AudioController.swift in Sources */ = {isa = PBXBuildFile; fileRef = A83825B82A3018BA00598DEF /* AudioController.swift */; };
		A8583C422A2658D2007BD3FC /* FillCircleApp.swift in Sources */ = {isa = PBXBuildFile; fileRef = A8583C412A2658D2007BD3FC /* FillCircleApp.swift */; };
		A8583C442A2658D2007BD3FC /* ContentView.swift in Sources */ = {isa = PBXBuildFile; fileRef = A8583C432A2658D2007BD3FC /* ContentView.swift */; };
		A8583C462A2658D4007BD3FC /* Assets.xcassets in Resources */ = {isa = PBXBuildFile; fileRef = A8583C452A2658D4007BD3FC /* Assets.xcassets */; };
		A8583C492A2658D4007BD3FC /* Preview Assets.xcassets in Resources */ = {isa = PBXBuildFile; fileRef = A8583C482A2658D4007BD3FC /* Preview Assets.xcassets */; };
		A8583C502A26BA95007BD3FC /* SegmentedCircle.swift in Sources */ = {isa = PBXBuildFile; fileRef = A8583C4F2A26BA95007BD3FC /* SegmentedCircle.swift */; };
		A8583C542A27927B007BD3FC /* RunningSegment.swift in Sources */ = {isa = PBXBuildFile; fileRef = A8583C532A27927B007BD3FC /* RunningSegment.swift */; };
		A8583C582A2792B7007BD3FC /* Color+Custom.swift in Sources */ = {isa = PBXBuildFile; fileRef = A8583C572A2792B7007BD3FC /* Color+Custom.swift */; };
		A8583C5A2A27937F007BD3FC /* CountdownTimer.swift in Sources */ = {isa = PBXBuildFile; fileRef = A8583C592A27937F007BD3FC /* CountdownTimer.swift */; };
/* End PBXBuildFile section */

/* Begin PBXFileReference section */
		A83825A62A2F74DE00598DEF /* LaunchView.swift */ = {isa = PBXFileReference; lastKnownFileType = sourcecode.swift; path = LaunchView.swift; sourceTree = "<group>"; };
		A83825A82A2F759A00598DEF /* RunPresetListViewItem.swift */ = {isa = PBXFileReference; lastKnownFileType = sourcecode.swift; path = RunPresetListViewItem.swift; sourceTree = "<group>"; };
		A83825AA2A2F7B0600598DEF /* RunPreset.swift */ = {isa = PBXFileReference; lastKnownFileType = sourcecode.swift; path = RunPreset.swift; sourceTree = "<group>"; };
		A83825AC2A2FAD4D00598DEF /* DefaultPresetCollection.swift */ = {isa = PBXFileReference; lastKnownFileType = sourcecode.swift; path = DefaultPresetCollection.swift; sourceTree = "<group>"; };
		A83825AF2A30144D00598DEF /* Cooldown.wav */ = {isa = PBXFileReference; lastKnownFileType = audio.wav; path = Cooldown.wav; sourceTree = "<group>"; };
		A83825B02A30144D00598DEF /* BeginRun.wav */ = {isa = PBXFileReference; lastKnownFileType = audio.wav; path = BeginRun.wav; sourceTree = "<group>"; };
		A83825B12A30144D00598DEF /* OneMinute.wav */ = {isa = PBXFileReference; lastKnownFileType = audio.wav; path = OneMinute.wav; sourceTree = "<group>"; };
		A83825B22A30144D00598DEF /* WarmUp.wav */ = {isa = PBXFileReference; lastKnownFileType = audio.wav; path = WarmUp.wav; sourceTree = "<group>"; };
		A83825B82A3018BA00598DEF /* AudioController.swift */ = {isa = PBXFileReference; lastKnownFileType = sourcecode.swift; path = AudioController.swift; sourceTree = "<group>"; };
		A8583C3E2A2658D2007BD3FC /* FillCircle.app */ = {isa = PBXFileReference; explicitFileType = wrapper.application; includeInIndex = 0; path = FillCircle.app; sourceTree = BUILT_PRODUCTS_DIR; };
		A8583C412A2658D2007BD3FC /* FillCircleApp.swift */ = {isa = PBXFileReference; lastKnownFileType = sourcecode.swift; path = FillCircleApp.swift; sourceTree = "<group>"; };
		A8583C432A2658D2007BD3FC /* ContentView.swift */ = {isa = PBXFileReference; lastKnownFileType = sourcecode.swift; path = ContentView.swift; sourceTree = "<group>"; };
		A8583C452A2658D4007BD3FC /* Assets.xcassets */ = {isa = PBXFileReference; lastKnownFileType = folder.assetcatalog; path = Assets.xcassets; sourceTree = "<group>"; };
		A8583C482A2658D4007BD3FC /* Preview Assets.xcassets */ = {isa = PBXFileReference; lastKnownFileType = folder.assetcatalog; path = "Preview Assets.xcassets"; sourceTree = "<group>"; };
		A8583C4F2A26BA95007BD3FC /* SegmentedCircle.swift */ = {isa = PBXFileReference; lastKnownFileType = sourcecode.swift; path = SegmentedCircle.swift; sourceTree = "<group>"; };
		A8583C532A27927B007BD3FC /* RunningSegment.swift */ = {isa = PBXFileReference; lastKnownFileType = sourcecode.swift; path = RunningSegment.swift; sourceTree = "<group>"; };
		A8583C572A2792B7007BD3FC /* Color+Custom.swift */ = {isa = PBXFileReference; lastKnownFileType = sourcecode.swift; path = "Color+Custom.swift"; sourceTree = "<group>"; };
		A8583C592A27937F007BD3FC /* CountdownTimer.swift */ = {isa = PBXFileReference; lastKnownFileType = sourcecode.swift; path = CountdownTimer.swift; sourceTree = "<group>"; };
/* End PBXFileReference section */

/* Begin PBXFrameworksBuildPhase section */
		A8583C3B2A2658D2007BD3FC /* Frameworks */ = {
			isa = PBXFrameworksBuildPhase;
			buildActionMask = 2147483647;
			files = (
			);
			runOnlyForDeploymentPostprocessing = 0;
		};
/* End PBXFrameworksBuildPhase section */

/* Begin PBXGroup section */
		A83825A42A2F74CA00598DEF /* RunScreen */ = {
			isa = PBXGroup;
			children = (
				A8583C432A2658D2007BD3FC /* ContentView.swift */,
				A8583C4F2A26BA95007BD3FC /* SegmentedCircle.swift */,
				A8583C592A27937F007BD3FC /* CountdownTimer.swift */,
			);
			path = RunScreen;
			sourceTree = "<group>";
		};
		A83825A52A2F74D500598DEF /* LaunchScreen */ = {
			isa = PBXGroup;
			children = (
				A83825A62A2F74DE00598DEF /* LaunchView.swift */,
				A83825A82A2F759A00598DEF /* RunPresetListViewItem.swift */,
			);
			path = LaunchScreen;
			sourceTree = "<group>";
		};
		A83825AE2A30142800598DEF /* Assets */ = {
			isa = PBXGroup;
			children = (
				A83825B02A30144D00598DEF /* BeginRun.wav */,
				A83825AF2A30144D00598DEF /* Cooldown.wav */,
				A83825B12A30144D00598DEF /* OneMinute.wav */,
				A83825B22A30144D00598DEF /* WarmUp.wav */,
				A8583C452A2658D4007BD3FC /* Assets.xcassets */,
			);
			path = Assets;
			sourceTree = "<group>";
		};
		A83825B72A3018A700598DEF /* Controllers */ = {
			isa = PBXGroup;
			children = (
				A83825B82A3018BA00598DEF /* AudioController.swift */,
			);
			path = Controllers;
			sourceTree = "<group>";
		};
		A8583C352A2658D2007BD3FC = {
			isa = PBXGroup;
			children = (
				A8583C402A2658D2007BD3FC /* FillCircle */,
				A8583C3F2A2658D2007BD3FC /* Products */,
			);
			sourceTree = "<group>";
		};
		A8583C3F2A2658D2007BD3FC /* Products */ = {
			isa = PBXGroup;
			children = (
				A8583C3E2A2658D2007BD3FC /* FillCircle.app */,
			);
			name = Products;
			sourceTree = "<group>";
		};
		A8583C402A2658D2007BD3FC /* FillCircle */ = {
			isa = PBXGroup;
			children = (
				A83825B72A3018A700598DEF /* Controllers */,
				A83825AE2A30142800598DEF /* Assets */,
				A8583C562A2792AA007BD3FC /* Extensions */,
				A8583C522A27926A007BD3FC /* Models */,
				A8583C412A2658D2007BD3FC /* FillCircleApp.swift */,
				A8583C512A279265007BD3FC /* Views */,
				A8583C472A2658D4007BD3FC /* Preview Content */,
			);
			path = FillCircle;
			sourceTree = "<group>";
		};
		A8583C472A2658D4007BD3FC /* Preview Content */ = {
			isa = PBXGroup;
			children = (
				A8583C482A2658D4007BD3FC /* Preview Assets.xcassets */,
			);
			path = "Preview Content";
			sourceTree = "<group>";
		};
		A8583C512A279265007BD3FC /* Views */ = {
			isa = PBXGroup;
			children = (
				A83825A52A2F74D500598DEF /* LaunchScreen */,
				A83825A42A2F74CA00598DEF /* RunScreen */,
			);
			path = Views;
			sourceTree = "<group>";
		};
		A8583C522A27926A007BD3FC /* Models */ = {
			isa = PBXGroup;
			children = (
				A8583C532A27927B007BD3FC /* RunningSegment.swift */,
				A83825AC2A2FAD4D00598DEF /* DefaultPresetCollection.swift */,
				A83825AA2A2F7B0600598DEF /* RunPreset.swift */,
			);
			path = Models;
			sourceTree = "<group>";
		};
		A8583C562A2792AA007BD3FC /* Extensions */ = {
			isa = PBXGroup;
			children = (
				A8583C572A2792B7007BD3FC /* Color+Custom.swift */,
			);
			path = Extensions;
			sourceTree = "<group>";
		};
/* End PBXGroup section */

/* Begin PBXNativeTarget section */
		A8583C3D2A2658D2007BD3FC /* FillCircle */ = {
			isa = PBXNativeTarget;
			buildConfigurationList = A8583C4C2A2658D4007BD3FC /* Build configuration list for PBXNativeTarget "FillCircle" */;
			buildPhases = (
				A8583C3A2A2658D2007BD3FC /* Sources */,
				A8583C3B2A2658D2007BD3FC /* Frameworks */,
				A8583C3C2A2658D2007BD3FC /* Resources */,
			);
			buildRules = (
			);
			dependencies = (
			);
			name = FillCircle;
			productName = FillCircle;
			productReference = A8583C3E2A2658D2007BD3FC /* FillCircle.app */;
			productType = "com.apple.product-type.application";
		};
/* End PBXNativeTarget section */

/* Begin PBXProject section */
		A8583C362A2658D2007BD3FC /* Project object */ = {
			isa = PBXProject;
			attributes = {
				BuildIndependentTargetsInParallel = 1;
				LastSwiftUpdateCheck = 1430;
				LastUpgradeCheck = 1430;
				TargetAttributes = {
					A8583C3D2A2658D2007BD3FC = {
						CreatedOnToolsVersion = 14.3;
					};
				};
			};
			buildConfigurationList = A8583C392A2658D2007BD3FC /* Build configuration list for PBXProject "FillCircle" */;
			compatibilityVersion = "Xcode 14.0";
			developmentRegion = en;
			hasScannedForEncodings = 0;
			knownRegions = (
				en,
				Base,
			);
			mainGroup = A8583C352A2658D2007BD3FC;
			productRefGroup = A8583C3F2A2658D2007BD3FC /* Products */;
			projectDirPath = "";
			projectRoot = "";
			targets = (
				A8583C3D2A2658D2007BD3FC /* FillCircle */,
			);
		};
/* End PBXProject section */

/* Begin PBXResourcesBuildPhase section */
		A8583C3C2A2658D2007BD3FC /* Resources */ = {
			isa = PBXResourcesBuildPhase;
			buildActionMask = 2147483647;
			files = (
				A83825B52A30144D00598DEF /* OneMinute.wav in Resources */,
				A83825B32A30144D00598DEF /* Cooldown.wav in Resources */,
				A83825B62A30144D00598DEF /* WarmUp.wav in Resources */,
				A8583C492A2658D4007BD3FC /* Preview Assets.xcassets in Resources */,
				A83825B42A30144D00598DEF /* BeginRun.wav in Resources */,
				A8583C462A2658D4007BD3FC /* Assets.xcassets in Resources */,
			);
			runOnlyForDeploymentPostprocessing = 0;
		};
/* End PBXResourcesBuildPhase section */

/* Begin PBXSourcesBuildPhase section */
		A8583C3A2A2658D2007BD3FC /* Sources */ = {
			isa = PBXSourcesBuildPhase;
			buildActionMask = 2147483647;
			files = (
				A83825B92A3018BA00598DEF /* AudioController.swift in Sources */,
				A8583C582A2792B7007BD3FC /* Color+Custom.swift in Sources */,
				A8583C5A2A27937F007BD3FC /* CountdownTimer.swift in Sources */,
				A8583C442A2658D2007BD3FC /* ContentView.swift in Sources */,
				A83825A72A2F74DE00598DEF /* LaunchView.swift in Sources */,
				A83825A92A2F759A00598DEF /* RunPresetListViewItem.swift in Sources */,
				A8583C502A26BA95007BD3FC /* SegmentedCircle.swift in Sources */,
				A8583C422A2658D2007BD3FC /* FillCircleApp.swift in Sources */,
				A8583C542A27927B007BD3FC /* RunningSegment.swift in Sources */,
				A83825AD2A2FAD4D00598DEF /* DefaultPresetCollection.swift in Sources */,
				A83825AB2A2F7B0600598DEF /* RunPreset.swift in Sources */,
			);
			runOnlyForDeploymentPostprocessing = 0;
		};
/* End PBXSourcesBuildPhase section */

/* Begin XCBuildConfiguration section */
		A8583C4A2A2658D4007BD3FC /* Debug */ = {
			isa = XCBuildConfiguration;
			buildSettings = {
				ALWAYS_SEARCH_USER_PATHS = NO;
				CLANG_ANALYZER_NONNULL = YES;
				CLANG_ANALYZER_NUMBER_OBJECT_CONVERSION = YES_AGGRESSIVE;
				CLANG_CXX_LANGUAGE_STANDARD = "gnu++20";
				CLANG_ENABLE_MODULES = YES;
				CLANG_ENABLE_OBJC_ARC = YES;
				CLANG_ENABLE_OBJC_WEAK = YES;
				CLANG_WARN_BLOCK_CAPTURE_AUTORELEASING = YES;
				CLANG_WARN_BOOL_CONVERSION = YES;
				CLANG_WARN_COMMA = YES;
				CLANG_WARN_CONSTANT_CONVERSION = YES;
				CLANG_WARN_DEPRECATED_OBJC_IMPLEMENTATIONS = YES;
				CLANG_WARN_DIRECT_OBJC_ISA_USAGE = YES_ERROR;
				CLANG_WARN_DOCUMENTATION_COMMENTS = YES;
				CLANG_WARN_EMPTY_BODY = YES;
				CLANG_WARN_ENUM_CONVERSION = YES;
				CLANG_WARN_INFINITE_RECURSION = YES;
				CLANG_WARN_INT_CONVERSION = YES;
				CLANG_WARN_NON_LITERAL_NULL_CONVERSION = YES;
				CLANG_WARN_OBJC_IMPLICIT_RETAIN_SELF = YES;
				CLANG_WARN_OBJC_LITERAL_CONVERSION = YES;
				CLANG_WARN_OBJC_ROOT_CLASS = YES_ERROR;
				CLANG_WARN_QUOTED_INCLUDE_IN_FRAMEWORK_HEADER = YES;
				CLANG_WARN_RANGE_LOOP_ANALYSIS = YES;
				CLANG_WARN_STRICT_PROTOTYPES = YES;
				CLANG_WARN_SUSPICIOUS_MOVE = YES;
				CLANG_WARN_UNGUARDED_AVAILABILITY = YES_AGGRESSIVE;
				CLANG_WARN_UNREACHABLE_CODE = YES;
				CLANG_WARN__DUPLICATE_METHOD_MATCH = YES;
				COPY_PHASE_STRIP = NO;
				DEBUG_INFORMATION_FORMAT = dwarf;
				ENABLE_STRICT_OBJC_MSGSEND = YES;
				ENABLE_TESTABILITY = YES;
				GCC_C_LANGUAGE_STANDARD = gnu11;
				GCC_DYNAMIC_NO_PIC = NO;
				GCC_NO_COMMON_BLOCKS = YES;
				GCC_OPTIMIZATION_LEVEL = 0;
				GCC_PREPROCESSOR_DEFINITIONS = (
					"DEBUG=1",
					"$(inherited)",
				);
				GCC_WARN_64_TO_32_BIT_CONVERSION = YES;
				GCC_WARN_ABOUT_RETURN_TYPE = YES_ERROR;
				GCC_WARN_UNDECLARED_SELECTOR = YES;
				GCC_WARN_UNINITIALIZED_AUTOS = YES_AGGRESSIVE;
				GCC_WARN_UNUSED_FUNCTION = YES;
				GCC_WARN_UNUSED_VARIABLE = YES;
				IPHONEOS_DEPLOYMENT_TARGET = 16.4;
				MTL_ENABLE_DEBUG_INFO = INCLUDE_SOURCE;
				MTL_FAST_MATH = YES;
				ONLY_ACTIVE_ARCH = YES;
				SDKROOT = iphoneos;
				SWIFT_ACTIVE_COMPILATION_CONDITIONS = DEBUG;
				SWIFT_OPTIMIZATION_LEVEL = "-Onone";
			};
			name = Debug;
		};
		A8583C4B2A2658D4007BD3FC /* Release */ = {
			isa = XCBuildConfiguration;
			buildSettings = {
				ALWAYS_SEARCH_USER_PATHS = NO;
				CLANG_ANALYZER_NONNULL = YES;
				CLANG_ANALYZER_NUMBER_OBJECT_CONVERSION = YES_AGGRESSIVE;
				CLANG_CXX_LANGUAGE_STANDARD = "gnu++20";
				CLANG_ENABLE_MODULES = YES;
				CLANG_ENABLE_OBJC_ARC = YES;
				CLANG_ENABLE_OBJC_WEAK = YES;
				CLANG_WARN_BLOCK_CAPTURE_AUTORELEASING = YES;
				CLANG_WARN_BOOL_CONVERSION = YES;
				CLANG_WARN_COMMA = YES;
				CLANG_WARN_CONSTANT_CONVERSION = YES;
				CLANG_WARN_DEPRECATED_OBJC_IMPLEMENTATIONS = YES;
				CLANG_WARN_DIRECT_OBJC_ISA_USAGE = YES_ERROR;
				CLANG_WARN_DOCUMENTATION_COMMENTS = YES;
				CLANG_WARN_EMPTY_BODY = YES;
				CLANG_WARN_ENUM_CONVERSION = YES;
				CLANG_WARN_INFINITE_RECURSION = YES;
				CLANG_WARN_INT_CONVERSION = YES;
				CLANG_WARN_NON_LITERAL_NULL_CONVERSION = YES;
				CLANG_WARN_OBJC_IMPLICIT_RETAIN_SELF = YES;
				CLANG_WARN_OBJC_LITERAL_CONVERSION = YES;
				CLANG_WARN_OBJC_ROOT_CLASS = YES_ERROR;
				CLANG_WARN_QUOTED_INCLUDE_IN_FRAMEWORK_HEADER = YES;
				CLANG_WARN_RANGE_LOOP_ANALYSIS = YES;
				CLANG_WARN_STRICT_PROTOTYPES = YES;
				CLANG_WARN_SUSPICIOUS_MOVE = YES;
				CLANG_WARN_UNGUARDED_AVAILABILITY = YES_AGGRESSIVE;
				CLANG_WARN_UNREACHABLE_CODE = YES;
				CLANG_WARN__DUPLICATE_METHOD_MATCH = YES;
				COPY_PHASE_STRIP = NO;
				DEBUG_INFORMATION_FORMAT = "dwarf-with-dsym";
				ENABLE_NS_ASSERTIONS = NO;
				ENABLE_STRICT_OBJC_MSGSEND = YES;
				GCC_C_LANGUAGE_STANDARD = gnu11;
				GCC_NO_COMMON_BLOCKS = YES;
				GCC_WARN_64_TO_32_BIT_CONVERSION = YES;
				GCC_WARN_ABOUT_RETURN_TYPE = YES_ERROR;
				GCC_WARN_UNDECLARED_SELECTOR = YES;
				GCC_WARN_UNINITIALIZED_AUTOS = YES_AGGRESSIVE;
				GCC_WARN_UNUSED_FUNCTION = YES;
				GCC_WARN_UNUSED_VARIABLE = YES;
				IPHONEOS_DEPLOYMENT_TARGET = 16.4;
				MTL_ENABLE_DEBUG_INFO = NO;
				MTL_FAST_MATH = YES;
				SDKROOT = iphoneos;
				SWIFT_COMPILATION_MODE = wholemodule;
				SWIFT_OPTIMIZATION_LEVEL = "-O";
				VALIDATE_PRODUCT = YES;
			};
			name = Release;
		};
		A8583C4D2A2658D4007BD3FC /* Debug */ = {
			isa = XCBuildConfiguration;
			buildSettings = {
				ASSETCATALOG_COMPILER_APPICON_NAME = AppIcon;
				ASSETCATALOG_COMPILER_GLOBAL_ACCENT_COLOR_NAME = AccentColor;
				CODE_SIGN_STYLE = Automatic;
				CURRENT_PROJECT_VERSION = 1;
				DEVELOPMENT_ASSET_PATHS = "\"FillCircle/Preview Content\"";
				DEVELOPMENT_TEAM = 5DYJ7634L5;
				ENABLE_PREVIEWS = YES;
				GENERATE_INFOPLIST_FILE = YES;
				INFOPLIST_KEY_UIApplicationSceneManifest_Generation = YES;
				INFOPLIST_KEY_UIApplicationSupportsIndirectInputEvents = YES;
				INFOPLIST_KEY_UILaunchScreen_Generation = YES;
				INFOPLIST_KEY_UISupportedInterfaceOrientations_iPad = "UIInterfaceOrientationPortrait UIInterfaceOrientationPortraitUpsideDown UIInterfaceOrientationLandscapeLeft UIInterfaceOrientationLandscapeRight";
				INFOPLIST_KEY_UISupportedInterfaceOrientations_iPhone = "UIInterfaceOrientationPortrait UIInterfaceOrientationLandscapeLeft UIInterfaceOrientationLandscapeRight";
				LD_RUNPATH_SEARCH_PATHS = (
					"$(inherited)",
					"@executable_path/Frameworks",
				);
				MARKETING_VERSION = 1.0;
				PRODUCT_BUNDLE_IDENTIFIER = com.designerGenes.FillCircle;
				PRODUCT_NAME = "$(TARGET_NAME)";
				SWIFT_EMIT_LOC_STRINGS = YES;
				SWIFT_VERSION = 5.0;
				TARGETED_DEVICE_FAMILY = "1,2";
			};
			name = Debug;
		};
		A8583C4E2A2658D4007BD3FC /* Release */ = {
			isa = XCBuildConfiguration;
			buildSettings = {
				ASSETCATALOG_COMPILER_APPICON_NAME = AppIcon;
				ASSETCATALOG_COMPILER_GLOBAL_ACCENT_COLOR_NAME = AccentColor;
				CODE_SIGN_STYLE = Automatic;
				CURRENT_PROJECT_VERSION = 1;
				DEVELOPMENT_ASSET_PATHS = "\"FillCircle/Preview Content\"";
				DEVELOPMENT_TEAM = 5DYJ7634L5;
				ENABLE_PREVIEWS = YES;
				GENERATE_INFOPLIST_FILE = YES;
				INFOPLIST_KEY_UIApplicationSceneManifest_Generation = YES;
				INFOPLIST_KEY_UIApplicationSupportsIndirectInputEvents = YES;
				INFOPLIST_KEY_UILaunchScreen_Generation = YES;
				INFOPLIST_KEY_UISupportedInterfaceOrientations_iPad = "UIInterfaceOrientationPortrait UIInterfaceOrientationPortraitUpsideDown UIInterfaceOrientationLandscapeLeft UIInterfaceOrientationLandscapeRight";
				INFOPLIST_KEY_UISupportedInterfaceOrientations_iPhone = "UIInterfaceOrientationPortrait UIInterfaceOrientationLandscapeLeft UIInterfaceOrientationLandscapeRight";
				LD_RUNPATH_SEARCH_PATHS = (
					"$(inherited)",
					"@executable_path/Frameworks",
				);
				MARKETING_VERSION = 1.0;
				PRODUCT_BUNDLE_IDENTIFIER = com.designerGenes.FillCircle;
				PRODUCT_NAME = "$(TARGET_NAME)";
				SWIFT_EMIT_LOC_STRINGS = YES;
				SWIFT_VERSION = 5.0;
				TARGETED_DEVICE_FAMILY = "1,2";
			};
			name = Release;
		};
/* End XCBuildConfiguration section */

/* Begin XCConfigurationList section */
		A8583C392A2658D2007BD3FC /* Build configuration list for PBXProject "FillCircle" */ = {
			isa = XCConfigurationList;
			buildConfigurations = (
				A8583C4A2A2658D4007BD3FC /* Debug */,
				A8583C4B2A2658D4007BD3FC /* Release */,
			);
			defaultConfigurationIsVisible = 0;
			defaultConfigurationName = Release;
		};
		A8583C4C2A2658D4007BD3FC /* Build configuration list for PBXNativeTarget "FillCircle" */ = {
			isa = XCConfigurationList;
			buildConfigurations = (
				A8583C4D2A2658D4007BD3FC /* Debug */,
				A8583C4E2A2658D4007BD3FC /* Release */,
			);
			defaultConfigurationIsVisible = 0;
			defaultConfigurationName = Release;
		};
/* End XCConfigurationList section */
	};
	rootObject = A8583C362A2658D2007BD3FC /* Project object */;
}
